dependencies:
  string-template-format-inspect: 0.1.5
lockfileVersion: 5.1
packages:
  /@types/node/13.7.4:
    dev: false
    resolution:
      integrity: sha512-oVeL12C6gQS/GAExndigSaLxTrKpQPxewx9bOcwfvJiJge4rr7wNaph4J+ns5hrmIV2as5qxqN8YKthn9qh0jw==
  /string-template-format-base/0.1.4:
    dependencies:
      '@types/node': 13.7.4
      tslib: 1.10.0
    dev: false
    resolution:
      integrity: sha512-qJ+kFWjm3UpnZL1c5KGQS4R7N9Jc4vrUVOyNjyi+b8D7a5ARPm8GQtywzRCrch/Dc3epikYoKGG4lLv71E6SIg==
  /string-template-format-inspect/0.1.5:
    dependencies:
      '@types/node': 13.7.4
      string-template-format-base: 0.1.4
      tslib: 1.10.0
    dev: false
    resolution:
      integrity: sha512-2+BjAYeA9fy1rqP/OGdSSWNU3r71TD31R8AaC/Nhl2Jzx0IjkXWLQgY0J87UxQBzsx+Hq3DhbHgR8OIMbo6izA==
  /tslib/1.10.0:
    dev: false
    resolution:
      integrity: sha512-qOebF53frne81cf0S9B41ByenJ3/IuH8yJKngAX35CmiZySA0khhkovshKK+jGCaMnVomla7gVlIcc3EvKPbTQ==
specifiers:
  string-template-format-inspect: ^0.1.5
