dependencies:
  string-template-format-inspect: 0.1.7
lockfileVersion: 5.1
packages:
  /@types/node/13.11.1:
    dev: false
    resolution:
      integrity: sha512-eWQGP3qtxwL8FGneRrC5DwrJLGN4/dH1clNTuLfN81HCrxVtxRjygDTUoZJ5ASlDEeo0ppYFQjQIlXhtXpOn6g==
  /string-template-format-base/0.1.6:
    dependencies:
      '@types/node': 13.11.1
      tslib: 1.11.1
    dev: false
    resolution:
      integrity: sha512-4mvYtipF6d/XUUEQ5/V/EHlnT1JhdrfOIen2GO7gdt2grF8sd2Wi8+Frmyr0+huedmloca51vvk6R0xYBdr/Hw==
  /string-template-format-inspect/0.1.7:
    dependencies:
      '@types/node': 13.11.1
      string-template-format-base: 0.1.6
      tslib: 1.11.1
    dev: false
    resolution:
      integrity: sha512-1TsPe/viDWaZU6s0vRL0JgKqgZZlzrVfzLOL6CkOX+l2nvOADQh6cjfLOXgYKs/1AW/rBbINRDOZi9KDxw9q3Q==
  /tslib/1.11.1:
    dev: false
    resolution:
      integrity: sha512-aZW88SY8kQbU7gpV19lN24LtXh/yD4ZZg6qieAJDDg+YBsJcSmLGK9QpnUjAKVG/xefmvJGd1WUmfpT/g6AJGA==
specifiers:
  string-template-format-inspect: ^0.1.7
