dependencies:
  '@tsfun/prv-option-result-common': 'link:../prv-option-result-common'
  '@tsfun/prv-types': 'link:../prv-types'
  '@tsfun/tap': 'link:../tap'
  '@types/node': 13.7.7
  tslib: 1.11.0
lockfileVersion: 5.1
packages:
  /@types/node/13.7.7:
    dev: false
    resolution:
      integrity: sha512-Uo4chgKbnPNlxQwoFmYIwctkQVkMMmsAoGGU4JKwLuvBefF0pCq4FybNSnfkfRCpC7ZW7kttcC/TrRtAJsvGtg==
  /tslib/1.11.0:
    dev: false
    resolution:
      integrity: sha512-BmndXUtiTn/VDDrJzQE7Mm22Ix3PxgLltW9bSNLoeCY31gnG2OPx0QqJnuc9oMIKioYrz487i6K9o4Pdn0j+Kg==
specifiers:
  '@tsfun/prv-option-result-common': ^0.0.14
  '@tsfun/prv-types': ^0.0.9
  '@tsfun/tap': ^0.0.13
  '@types/node': ^13.7.7
  tslib: ^1.11.0
