dependencies:
  '@tsfun/prv-option-result-common': 'link:../prv-option-result-common'
  '@types/node': 11.13.0
  tslib: 1.9.3
lockfileVersion: 5
packages:
  /@types/node/11.13.0:
    dev: false
    resolution:
      integrity: sha512-rx29MMkRdVmzunmiA4lzBYJNnXsW/PhG4kMBy2ATsYaDjGGR75dCFEVVROKpNwlVdcUX3xxlghKQOeDPBJobng==
  /tslib/1.9.3:
    dev: false
    resolution:
      integrity: sha512-4krF8scpejhaOgqzBEcGM7yDIEfi0/8+8zDRZhNZZ2kjmHJ4hv3zCbQWxoJGz1iw5U0Jl0nma13xzHXcncMavQ==
specifiers:
  '@tsfun/prv-option-result-common': ^0.0.1
  '@types/node': ^11.13.0
  tslib: ^1.9.3
