dependencies:
  '@tools/places': 'link:../../tools/places'
  '@types/semver': 6.0.0
  semver: 6.0.0
lockfileVersion: 5
packages:
  /@types/semver/6.0.0:
    dev: false
    resolution:
      integrity: sha512-OO0srjOGH99a4LUN2its3+r6CBYcplhJ466yLqs+zvAWgphCpS8hYZEZ797tRDP/QKcqTdb/YCN6ifASoAWkrQ==
  /semver/6.0.0:
    dev: false
    hasBin: true
    resolution:
      integrity: sha512-0UewU+9rFapKFnlbirLi3byoOuhrSsli/z/ihNnvM24vgF+8sNBiI1LZPBSH9wJKUwaUbw+s3hToDLCXkrghrQ==
specifiers:
  '@tools/places': 'file:../../tools/places'
  '@types/semver': ^6.0.0
  semver: ^6.0.0
