dependencies:
  '@types/node': 14.6.0
  ts-pipe-compose: 0.2.0
  tslib: 2.0.1
lockfileVersion: 5.1
packages:
  /@types/node/12.7.11:
    dev: false
    resolution:
      integrity: sha512-Otxmr2rrZLKRYIybtdG/sgeO+tHY20GxeDjcGmUnmmlCWyEnv2a2x1ZXBo3BTec4OiTXMQCiazB8NMBf0iRlFw==
  /@types/node/14.6.0:
    dev: false
    resolution:
      integrity: sha512-mikldZQitV94akrc4sCcSjtJfsTKt4p+e/s0AGscVA6XArQ9kFclP+ZiYUMnq987rc6QlYxXv/EivqlfSLxpKA==
  /ts-pipe-compose/0.2.0:
    dependencies:
      '@types/node': 12.7.11
      tslib: 1.11.0
    dev: false
    engines:
      node: '>= 8.9.0'
    resolution:
      integrity: sha512-FMFVRL3Ct4+S1OHUBapg3HKOU1OY8EfF+LpWKyKz0S9P/Yrdl9krvNxuW/4RlMw42TsgkH6jF3o6Vtk5l8izLg==
  /tslib/1.11.0:
    dev: false
    resolution:
      integrity: sha512-BmndXUtiTn/VDDrJzQE7Mm22Ix3PxgLltW9bSNLoeCY31gnG2OPx0QqJnuc9oMIKioYrz487i6K9o4Pdn0j+Kg==
  /tslib/2.0.1:
    dev: false
    resolution:
      integrity: sha512-SgIkNheinmEBgx1IUNirK0TUD4X9yjjBRTqqjggWCU3pUEqIk3/Uwl3yRixYKT6WjQuGiwDv4NomL3wqRCj+CQ==
specifiers:
  '@types/node': ^14.6.0
  ts-pipe-compose: ^0.2.0
  tslib: ^2.0.1
