dependencies:
  '@types/node': 13.7.7
  ts-pipe-compose: 0.1.11
  tslib: 1.11.0
lockfileVersion: 5.1
packages:
  /@types/node/12.7.11:
    dev: false
    resolution:
      integrity: sha512-Otxmr2rrZLKRYIybtdG/sgeO+tHY20GxeDjcGmUnmmlCWyEnv2a2x1ZXBo3BTec4OiTXMQCiazB8NMBf0iRlFw==
  /@types/node/13.7.7:
    dev: false
    resolution:
      integrity: sha512-Uo4chgKbnPNlxQwoFmYIwctkQVkMMmsAoGGU4JKwLuvBefF0pCq4FybNSnfkfRCpC7ZW7kttcC/TrRtAJsvGtg==
  /ts-pipe-compose/0.1.11:
    dependencies:
      '@types/node': 12.7.11
      tslib: 1.10.0
    dev: false
    engines:
      node: '>= 8.9.0'
    resolution:
      integrity: sha512-8cP8BumReKwqeYdzV/rMSqYqL2ZN/5yL1CBiMKYp0qri489g3VJ11vOPRTiUoTfqrSQIUWhHVIeZiPrYCD/6Ug==
  /tslib/1.10.0:
    dev: false
    resolution:
      integrity: sha512-qOebF53frne81cf0S9B41ByenJ3/IuH8yJKngAX35CmiZySA0khhkovshKK+jGCaMnVomla7gVlIcc3EvKPbTQ==
  /tslib/1.11.0:
    dev: false
    resolution:
      integrity: sha512-BmndXUtiTn/VDDrJzQE7Mm22Ix3PxgLltW9bSNLoeCY31gnG2OPx0QqJnuc9oMIKioYrz487i6K9o4Pdn0j+Kg==
specifiers:
  '@types/node': ^13.7.7
  ts-pipe-compose: ^0.1.11
  tslib: ^1.11.0
