dependencies:
  '@tsfun/array': 'link:../array'
  '@tsfun/function': 'link:../function'
  '@tsfun/misc': 'link:../misc'
  '@tsfun/object': 'link:../object'
  '@tsfun/option': 'link:../option'
  '@tsfun/pipe': 'link:../pipe'
  '@tsfun/result': 'link:../result'
  '@tsfun/tap': 'link:../tap'
  '@types/node': 13.7.7
  tslib: 1.11.0
lockfileVersion: 5.1
packages:
  /@types/node/13.7.7:
    dev: false
    resolution:
      integrity: sha512-Uo4chgKbnPNlxQwoFmYIwctkQVkMMmsAoGGU4JKwLuvBefF0pCq4FybNSnfkfRCpC7ZW7kttcC/TrRtAJsvGtg==
  /tslib/1.11.0:
    dev: false
    resolution:
      integrity: sha512-BmndXUtiTn/VDDrJzQE7Mm22Ix3PxgLltW9bSNLoeCY31gnG2OPx0QqJnuc9oMIKioYrz487i6K9o4Pdn0j+Kg==
specifiers:
  '@tsfun/array': ^0.0.2
  '@tsfun/function': ^0.0.6
  '@tsfun/misc': ^0.0.7
  '@tsfun/object': ^0.0.17
  '@tsfun/option': ^0.0.15
  '@tsfun/pipe': ^0.0.11
  '@tsfun/result': ^0.0.16
  '@tsfun/tap': ^0.0.10
  '@types/node': ^13.7.7
  tslib: ^1.11.0
