dependencies:
  '@tsfun/array': 'link:../array'
  '@tsfun/function': 'link:../function'
  '@tsfun/misc': 'link:../misc'
  '@tsfun/object': 'link:../object'
  '@tsfun/option': 'link:../option'
  '@tsfun/pipe': 'link:../pipe'
  '@tsfun/result': 'link:../result'
  '@tsfun/tap': 'link:../tap'
  '@types/node': 13.1.6
  tslib: 1.10.0
lockfileVersion: 5.1
packages:
  /@types/node/13.1.6:
    dev: false
    resolution:
      integrity: sha512-Jg1F+bmxcpENHP23sVKkNuU3uaxPnsBMW0cLjleiikFKomJQbsn0Cqk2yDvQArqzZN6ABfBkZ0To7pQ8sLdWDg==
  /tslib/1.10.0:
    dev: false
    resolution:
      integrity: sha512-qOebF53frne81cf0S9B41ByenJ3/IuH8yJKngAX35CmiZySA0khhkovshKK+jGCaMnVomla7gVlIcc3EvKPbTQ==
specifiers:
  '@tsfun/array': ^0.0.0
  '@tsfun/function': ^0.0.4
  '@tsfun/misc': ^0.0.5
  '@tsfun/object': ^0.0.9
  '@tsfun/option': ^0.0.11
  '@tsfun/pipe': ^0.0.9
  '@tsfun/result': ^0.0.12
  '@tsfun/tap': ^0.0.8
  '@types/node': ^13.1.6
  tslib: ^1.10.0
