dependencies:
  '@tsfun/array': 'link:../array'
  '@tsfun/function': 'link:../function'
  '@tsfun/misc': 'link:../misc'
  '@tsfun/object': 'link:../object'
  '@tsfun/option': 'link:../option'
  '@tsfun/pipe': 'link:../pipe'
  '@tsfun/result': 'link:../result'
  '@tsfun/tap': 'link:../tap'
  '@types/node': 14.0.6
  tslib: 2.0.0
lockfileVersion: 5.1
packages:
  /@types/node/14.0.6:
    dev: false
    resolution:
      integrity: sha512-FbNmu4F67d3oZMWBV6Y4MaPER+0EpE9eIYf2yaHhCWovc1dlXCZkqGX4NLHfVVr6umt20TNBdRzrNJIzIKfdbw==
  /tslib/2.0.0:
    dev: false
    resolution:
      integrity: sha512-lTqkx847PI7xEDYJntxZH89L2/aXInsyF2luSafe/+0fHOMjlBNXdH6th7f70qxLDhul7KZK0zC8V5ZIyHl0/g==
specifiers:
  '@tsfun/array': ^0.0.5
  '@tsfun/function': ^0.0.10
  '@tsfun/misc': ^0.0.10
  '@tsfun/object': ^0.0.20
  '@tsfun/option': ^0.0.18
  '@tsfun/pipe': ^0.0.14
  '@tsfun/result': ^0.0.19
  '@tsfun/tap': ^0.0.13
  '@types/node': ^14.0.6
  tslib: ^2.0.0
