dependencies:
  '@tsfun/prv-option-result-common': 'link:../prv-option-result-common'
  '@tsfun/prv-types': 'link:../prv-types'
  '@tsfun/tap': 'link:../tap'
  '@types/node': 13.1.6
  tslib: 1.10.0
lockfileVersion: 5.1
packages:
  /@types/node/13.1.6:
    dev: false
    resolution:
      integrity: sha512-Jg1F+bmxcpENHP23sVKkNuU3uaxPnsBMW0cLjleiikFKomJQbsn0Cqk2yDvQArqzZN6ABfBkZ0To7pQ8sLdWDg==
  /tslib/1.10.0:
    dev: false
    resolution:
      integrity: sha512-qOebF53frne81cf0S9B41ByenJ3/IuH8yJKngAX35CmiZySA0khhkovshKK+jGCaMnVomla7gVlIcc3EvKPbTQ==
specifiers:
  '@tsfun/prv-option-result-common': ^0.0.6
  '@tsfun/prv-types': ^0.0.4
  '@tsfun/tap': ^0.0.7
  '@types/node': ^13.1.6
  tslib: ^1.10.0
