dependencies:
  '@tsfun/prv-option-result-common': 'link:../prv-option-result-common'
  '@tsfun/prv-types': 'link:../prv-types'
  '@tsfun/tap': 'link:../tap'
  '@types/node': 12.7.11
  tslib: 1.10.0
lockfileVersion: 5.1
packages:
  /@types/node/12.7.11:
    dev: false
    resolution:
      integrity: sha512-Otxmr2rrZLKRYIybtdG/sgeO+tHY20GxeDjcGmUnmmlCWyEnv2a2x1ZXBo3BTec4OiTXMQCiazB8NMBf0iRlFw==
  /tslib/1.10.0:
    dev: false
    resolution:
      integrity: sha512-qOebF53frne81cf0S9B41ByenJ3/IuH8yJKngAX35CmiZySA0khhkovshKK+jGCaMnVomla7gVlIcc3EvKPbTQ==
specifiers:
  '@tsfun/prv-option-result-common': ^0.0.5
  '@tsfun/prv-types': ^0.0.3
  '@tsfun/tap': ^0.0.6
  '@types/node': ^12.7.11
  tslib: ^1.10.0
