dependencies:
  '@tsfun/prv-option-result-common': 'link:../prv-option-result-common'
  '@tsfun/tap': 'link:../tap'
  '@types/node': 12.7.2
  tslib: 1.10.0
lockfileVersion: 5.1
packages:
  /@types/node/12.7.2:
    dev: false
    resolution:
      integrity: sha512-dyYO+f6ihZEtNPDcWNR1fkoTDf3zAK3lAABDze3mz6POyIercH0lEUawUFXlG8xaQZmm1yEBON/4TsYv/laDYg==
  /tslib/1.10.0:
    dev: false
    resolution:
      integrity: sha512-qOebF53frne81cf0S9B41ByenJ3/IuH8yJKngAX35CmiZySA0khhkovshKK+jGCaMnVomla7gVlIcc3EvKPbTQ==
specifiers:
  '@tsfun/prv-option-result-common': ^0.0.1
  '@tsfun/tap': ^0.0.0
  '@types/node': ^12.7.2
  tslib: ^1.10.0
